
Microsoft Visual Studio Solution File, Format Version 12.00
# Visual Studio Version 17
VisualStudioVersion = 17.8.34316.72
MinimumVisualStudioVersion = 10.0.40219.1
Project("{9A19103F-16F7-4668-BE54-9A1E7A4F7556}") = "TransactionServiceAPI", "PaymentTransactionsService\TransactionServiceAPI.csproj", "{431315E5-050C-4BD7-A509-5776CD607677}"
EndProject
Project("{9A19103F-16F7-4668-BE54-9A1E7A4F7556}") = "ProductServiceAPI", "ProducServiceAPI\ProductServiceAPI.csproj", "{2CEB253F-7A55-4CE9-93DF-36811AF1F8DE}"
EndProject
Project("{2150E333-8FDC-42A3-9474-1A3956D46DE8}") = ".github", ".github", "{EBA42902-FD4B-41F8-9052-1947FC871AC4}"
EndProject
Project("{2150E333-8FDC-42A3-9474-1A3956D46DE8}") = "workflows", "workflows", "{C58B7CE9-D9D6-472A-91D9-6FE756BBEFD2}"
	ProjectSection(SolutionItems) = preProject
		build.yml = build.yml
	EndProjectSection
EndProject
Global
	GlobalSection(SolutionConfigurationPlatforms) = preSolution
		Debug|Any CPU = Debug|Any CPU
		Release|Any CPU = Release|Any CPU
	EndGlobalSection
	GlobalSection(ProjectConfigurationPlatforms) = postSolution
		{431315E5-050C-4BD7-A509-5776CD607677}.Debug|Any CPU.ActiveCfg = Debug|Any CPU
		{431315E5-050C-4BD7-A509-5776CD607677}.Debug|Any CPU.Build.0 = Debug|Any CPU
		{431315E5-050C-4BD7-A509-5776CD607677}.Release|Any CPU.ActiveCfg = Release|Any CPU
		{431315E5-050C-4BD7-A509-5776CD607677}.Release|Any CPU.Build.0 = Release|Any CPU
		{2CEB253F-7A55-4CE9-93DF-36811AF1F8DE}.Debug|Any CPU.ActiveCfg = Debug|Any CPU
		{2CEB253F-7A55-4CE9-93DF-36811AF1F8DE}.Debug|Any CPU.Build.0 = Debug|Any CPU
		{2CEB253F-7A55-4CE9-93DF-36811AF1F8DE}.Release|Any CPU.ActiveCfg = Release|Any CPU
		{2CEB253F-7A55-4CE9-93DF-36811AF1F8DE}.Release|Any CPU.Build.0 = Release|Any CPU
	EndGlobalSection
	GlobalSection(SolutionProperties) = preSolution
		HideSolutionNode = FALSE
	EndGlobalSection
	GlobalSection(NestedProjects) = preSolution
		{C58B7CE9-D9D6-472A-91D9-6FE756BBEFD2} = {EBA42902-FD4B-41F8-9052-1947FC871AC4}
	EndGlobalSection
	GlobalSection(ExtensibilityGlobals) = postSolution
		SolutionGuid = {F76E6764-9C89-4211-A7C1-5A9AEA50FAEB}
	EndGlobalSection
EndGlobal
